
Microsoft Visual Studio Solution File, Format Version 12.00
# Visual Studio 2013
VisualStudioVersion = 12.0.31101.0
MinimumVisualStudioVersion = 10.0.40219.1
Project("{FAE04EC0-301F-11D3-BF4B-00C04F79EFBC}") = "CannonAttack", "CannonAttack\CannonAttack.csproj", "{C3573A64-AFB4-421C-87BA-27FF5F78837B}"
EndProject
Project("{FAE04EC0-301F-11D3-BF4B-00C04F79EFBC}") = "CannonAttackTest", "CannonAttackTest\CannonAttackTest.csproj", "{CA1E1AC6-44A1-4107-A21F-9BAD9AD89F4D}"
EndProject
Global
	GlobalSection(SolutionConfigurationPlatforms) = preSolution
		Debug|Any CPU = Debug|Any CPU
		Release|Any CPU = Release|Any CPU
	EndGlobalSection
	GlobalSection(ProjectConfigurationPlatforms) = postSolution
		{C3573A64-AFB4-421C-87BA-27FF5F78837B}.Debug|Any CPU.ActiveCfg = Debug|Any CPU
		{C3573A64-AFB4-421C-87BA-27FF5F78837B}.Debug|Any CPU.Build.0 = Debug|Any CPU
		{C3573A64-AFB4-421C-87BA-27FF5F78837B}.Release|Any CPU.ActiveCfg = Release|Any CPU
		{C3573A64-AFB4-421C-87BA-27FF5F78837B}.Release|Any CPU.Build.0 = Release|Any CPU
		{CA1E1AC6-44A1-4107-A21F-9BAD9AD89F4D}.Debug|Any CPU.ActiveCfg = Debug|Any CPU
		{CA1E1AC6-44A1-4107-A21F-9BAD9AD89F4D}.Debug|Any CPU.Build.0 = Debug|Any CPU
		{CA1E1AC6-44A1-4107-A21F-9BAD9AD89F4D}.Release|Any CPU.ActiveCfg = Release|Any CPU
		{CA1E1AC6-44A1-4107-A21F-9BAD9AD89F4D}.Release|Any CPU.Build.0 = Release|Any CPU
	EndGlobalSection
	GlobalSection(SolutionProperties) = preSolution
		HideSolutionNode = FALSE
	EndGlobalSection
EndGlobal
