
Microsoft Visual Studio Solution File, Format Version 12.00
# Visual Studio 2013
VisualStudioVersion = 12.0.30501.0
MinimumVisualStudioVersion = 10.0.40219.1
Project("{FAE04EC0-301F-11D3-BF4B-00C04F79EFBC}") = "LoopingOverLists", "LoopingOverLists\LoopingOverLists.csproj", "{F2926F5F-72A0-4185-9D9F-AF4225FB1DAF}"
EndProject
Global
	GlobalSection(SolutionConfigurationPlatforms) = preSolution
		Debug|Any CPU = Debug|Any CPU
		Release|Any CPU = Release|Any CPU
	EndGlobalSection
	GlobalSection(ProjectConfigurationPlatforms) = postSolution
		{F2926F5F-72A0-4185-9D9F-AF4225FB1DAF}.Debug|Any CPU.ActiveCfg = Debug|Any CPU
		{F2926F5F-72A0-4185-9D9F-AF4225FB1DAF}.Debug|Any CPU.Build.0 = Debug|Any CPU
		{F2926F5F-72A0-4185-9D9F-AF4225FB1DAF}.Release|Any CPU.ActiveCfg = Release|Any CPU
		{F2926F5F-72A0-4185-9D9F-AF4225FB1DAF}.Release|Any CPU.Build.0 = Release|Any CPU
	EndGlobalSection
	GlobalSection(SolutionProperties) = preSolution
		HideSolutionNode = FALSE
	EndGlobalSection
EndGlobal
